
Microsoft Visual Studio Solution File, Format Version 12.00
# Visual Studio Version 17
VisualStudioVersion = 17.4.33403.182
MinimumVisualStudioVersion = 10.0.40219.1
Project("{FAE04EC0-301F-11D3-BF4B-00C04F79EFBC}") = "SchoolManagement.API", "SchoolManagement.API\SchoolManagement.API.csproj", "{8ACEA01F-3376-4A00-8E7D-D48B4293AFDB}"
EndProject
Project("{FAE04EC0-301F-11D3-BF4B-00C04F79EFBC}") = "SchoolManagement.Business", "SchoolManagement.Business\SchoolManagement.Business.csproj", "{8A795554-3A26-4160-A9A8-5ED964759925}"
EndProject
Project("{FAE04EC0-301F-11D3-BF4B-00C04F79EFBC}") = "SchoolManagement.Core", "SchoolManagement.Core\SchoolManagement.Core.csproj", "{3F783B4A-13AF-4B59-8F1F-C1B1DBDE54D0}"
EndProject
Project("{FAE04EC0-301F-11D3-BF4B-00C04F79EFBC}") = "SchoolManagement.DataAccess", "SchoolManagement.DataAccess\SchoolManagement.DataAccess.csproj", "{7FA413FC-6DA0-4CB5-AE55-521E31B6145C}"
EndProject
Project("{FAE04EC0-301F-11D3-BF4B-00C04F79EFBC}") = "SchoolManagement.Entities", "SchoolManagement.Entities\SchoolManagement.Entities.csproj", "{D4FCD763-3084-4C6F-B129-3009B2CB6AA1}"
EndProject
Global
	GlobalSection(SolutionConfigurationPlatforms) = preSolution
		Debug|Any CPU = Debug|Any CPU
		Release|Any CPU = Release|Any CPU
	EndGlobalSection
	GlobalSection(ProjectConfigurationPlatforms) = postSolution
		{8ACEA01F-3376-4A00-8E7D-D48B4293AFDB}.Debug|Any CPU.ActiveCfg = Debug|Any CPU
		{8ACEA01F-3376-4A00-8E7D-D48B4293AFDB}.Debug|Any CPU.Build.0 = Debug|Any CPU
		{8ACEA01F-3376-4A00-8E7D-D48B4293AFDB}.Release|Any CPU.ActiveCfg = Release|Any CPU
		{8ACEA01F-3376-4A00-8E7D-D48B4293AFDB}.Release|Any CPU.Build.0 = Release|Any CPU
		{8A795554-3A26-4160-A9A8-5ED964759925}.Debug|Any CPU.ActiveCfg = Debug|Any CPU
		{8A795554-3A26-4160-A9A8-5ED964759925}.Debug|Any CPU.Build.0 = Debug|Any CPU
		{8A795554-3A26-4160-A9A8-5ED964759925}.Release|Any CPU.ActiveCfg = Release|Any CPU
		{8A795554-3A26-4160-A9A8-5ED964759925}.Release|Any CPU.Build.0 = Release|Any CPU
		{3F783B4A-13AF-4B59-8F1F-C1B1DBDE54D0}.Debug|Any CPU.ActiveCfg = Debug|Any CPU
		{3F783B4A-13AF-4B59-8F1F-C1B1DBDE54D0}.Debug|Any CPU.Build.0 = Debug|Any CPU
		{3F783B4A-13AF-4B59-8F1F-C1B1DBDE54D0}.Release|Any CPU.ActiveCfg = Release|Any CPU
		{3F783B4A-13AF-4B59-8F1F-C1B1DBDE54D0}.Release|Any CPU.Build.0 = Release|Any CPU
		{7FA413FC-6DA0-4CB5-AE55-521E31B6145C}.Debug|Any CPU.ActiveCfg = Debug|Any CPU
		{7FA413FC-6DA0-4CB5-AE55-521E31B6145C}.Debug|Any CPU.Build.0 = Debug|Any CPU
		{7FA413FC-6DA0-4CB5-AE55-521E31B6145C}.Release|Any CPU.ActiveCfg = Release|Any CPU
		{7FA413FC-6DA0-4CB5-AE55-521E31B6145C}.Release|Any CPU.Build.0 = Release|Any CPU
		{D4FCD763-3084-4C6F-B129-3009B2CB6AA1}.Debug|Any CPU.ActiveCfg = Debug|Any CPU
		{D4FCD763-3084-4C6F-B129-3009B2CB6AA1}.Debug|Any CPU.Build.0 = Debug|Any CPU
		{D4FCD763-3084-4C6F-B129-3009B2CB6AA1}.Release|Any CPU.ActiveCfg = Release|Any CPU
		{D4FCD763-3084-4C6F-B129-3009B2CB6AA1}.Release|Any CPU.Build.0 = Release|Any CPU
	EndGlobalSection
	GlobalSection(SolutionProperties) = preSolution
		HideSolutionNode = FALSE
	EndGlobalSection
	GlobalSection(ExtensibilityGlobals) = postSolution
		SolutionGuid = {6F595A0F-9768-4379-A247-AC52A347517C}
	EndGlobalSection
EndGlobal
